
Microsoft Visual Studio Solution File, Format Version 12.00
# Visual Studio Version 17
VisualStudioVersion = 17.5.33516.290
MinimumVisualStudioVersion = 10.0.40219.1
Project("{9A19103F-16F7-4668-BE54-9A1E7A4F7556}") = "C# DZ", "C# DZ\C# DZ.csproj", "{244B7060-295A-4A2B-ACB9-B98D91C09AA4}"
EndProject
Global
	GlobalSection(SolutionConfigurationPlatforms) = preSolution
		Debug|Any CPU = Debug|Any CPU
		Release|Any CPU = Release|Any CPU
	EndGlobalSection
	GlobalSection(ProjectConfigurationPlatforms) = postSolution
		{244B7060-295A-4A2B-ACB9-B98D91C09AA4}.Debug|Any CPU.ActiveCfg = Debug|Any CPU
		{244B7060-295A-4A2B-ACB9-B98D91C09AA4}.Debug|Any CPU.Build.0 = Debug|Any CPU
		{244B7060-295A-4A2B-ACB9-B98D91C09AA4}.Release|Any CPU.ActiveCfg = Release|Any CPU
		{244B7060-295A-4A2B-ACB9-B98D91C09AA4}.Release|Any CPU.Build.0 = Release|Any CPU
	EndGlobalSection
	GlobalSection(SolutionProperties) = preSolution
		HideSolutionNode = FALSE
	EndGlobalSection
	GlobalSection(ExtensibilityGlobals) = postSolution
		SolutionGuid = {56801D17-FCD1-417F-93DE-E17408CA2555}
	EndGlobalSection
EndGlobal
