
Microsoft Visual Studio Solution File, Format Version 12.00
# Visual Studio Version 17
VisualStudioVersion = 17.5.33516.290
MinimumVisualStudioVersion = 10.0.40219.1
Project("{FAE04EC0-301F-11D3-BF4B-00C04F79EFBC}") = "Project ZIP", "Project ZIP\Project ZIP.csproj", "{03F05AFE-582C-4B53-928D-C40310522F97}"
EndProject
Global
	GlobalSection(SolutionConfigurationPlatforms) = preSolution
		Debug|Any CPU = Debug|Any CPU
		Release|Any CPU = Release|Any CPU
	EndGlobalSection
	GlobalSection(ProjectConfigurationPlatforms) = postSolution
		{03F05AFE-582C-4B53-928D-C40310522F97}.Debug|Any CPU.ActiveCfg = Debug|Any CPU
		{03F05AFE-582C-4B53-928D-C40310522F97}.Debug|Any CPU.Build.0 = Debug|Any CPU
		{03F05AFE-582C-4B53-928D-C40310522F97}.Release|Any CPU.ActiveCfg = Release|Any CPU
		{03F05AFE-582C-4B53-928D-C40310522F97}.Release|Any CPU.Build.0 = Release|Any CPU
	EndGlobalSection
	GlobalSection(SolutionProperties) = preSolution
		HideSolutionNode = FALSE
	EndGlobalSection
	GlobalSection(ExtensibilityGlobals) = postSolution
		SolutionGuid = {1908825C-7013-4B39-A5C8-9466919C9987}
	EndGlobalSection
EndGlobal
